{
  "nodes": {
    "blink-cmp": {
      "inputs": {
        "fenix": "fenix",
        "flake-parts": "flake-parts",
        "nixpkgs": [
          "nixpkgs"
        ]
      },
      "locked": {
        "lastModified": 1732157019,
        "narHash": "sha256-nENcgIF14opi7dHO3CKYk5pwO1XbY8pvqV7baA/1vto=",
        "owner": "Saghen",
        "repo": "blink.cmp",
        "rev": "dcb83d6b270702981de1f9c628c6ffd8b5152b22",
        "type": "github"
      },
      "original": {
        "owner": "Saghen",
        "repo": "blink.cmp",
        "type": "github"
      }
    },
    "fenix": {
      "inputs": {
        "nixpkgs": [
          "blink-cmp",
          "nixpkgs"
        ],
        "rust-analyzer-src": "rust-analyzer-src"
      },
      "locked": {
        "lastModified": 1731479620,
        "narHash": "sha256-jBYFboMLYs0LcIfZq+kprR4vOjz6cfqaS8trwogoXQE=",
        "owner": "nix-community",
        "repo": "fenix",
        "rev": "46c04695cd28be15ff88e3b8d2716818b034c084",
        "type": "github"
      },
      "original": {
        "owner": "nix-community",
        "repo": "fenix",
        "type": "github"
      }
    },
    "flake-parts": {
      "inputs": {
        "nixpkgs-lib": "nixpkgs-lib"
      },
      "locked": {
        "lastModified": 1730504689,
        "narHash": "sha256-hgmguH29K2fvs9szpq2r3pz2/8cJd2LPS+b4tfNFCwE=",
        "owner": "hercules-ci",
        "repo": "flake-parts",
        "rev": "506278e768c2a08bec68eb62932193e341f55c90",
        "type": "github"
      },
      "original": {
        "owner": "hercules-ci",
        "repo": "flake-parts",
        "type": "github"
      }
    },
    "flake-parts_2": {
      "inputs": {
        "nixpkgs-lib": "nixpkgs-lib_2"
      },
      "locked": {
        "lastModified": 1725024810,
        "narHash": "sha256-ODYRm8zHfLTH3soTFWE452ydPYz2iTvr9T8ftDMUQ3E=",
        "owner": "hercules-ci",
        "repo": "flake-parts",
        "rev": "af510d4a62d071ea13925ce41c95e3dec816c01d",
        "type": "github"
      },
      "original": {
        "owner": "hercules-ci",
        "repo": "flake-parts",
        "type": "github"
      }
    },
    "nixpkgs": {
      "locked": {
        "lastModified": 1725024464,
        "narHash": "sha256-tzTtqJS0Cf/AFS/mETmqNcvpMy7uMpdBe+G3DQVzrLg=",
        "owner": "NixOS",
        "repo": "nixpkgs",
        "rev": "679addbd359173888d11ae0d2158e9e2486e2307",
        "type": "github"
      },
      "original": {
        "id": "nixpkgs",
        "ref": "master",
        "type": "indirect"
      }
    },
    "nixpkgs-lib": {
      "locked": {
        "lastModified": 1730504152,
        "narHash": "sha256-lXvH/vOfb4aGYyvFmZK/HlsNsr/0CVWlwYvo2rxJk3s=",
        "type": "tarball",
        "url": "https://github.com/NixOS/nixpkgs/archive/cc2f28000298e1269cea6612cd06ec9979dd5d7f.tar.gz"
      },
      "original": {
        "type": "tarball",
        "url": "https://github.com/NixOS/nixpkgs/archive/cc2f28000298e1269cea6612cd06ec9979dd5d7f.tar.gz"
      }
    },
    "nixpkgs-lib_2": {
      "locked": {
        "lastModified": 1722555339,
        "narHash": "sha256-uFf2QeW7eAHlYXuDktm9c25OxOyCoUOQmh5SZ9amE5Q=",
        "type": "tarball",
        "url": "https://github.com/NixOS/nixpkgs/archive/a5d394176e64ab29c852d03346c1fc9b0b7d33eb.tar.gz"
      },
      "original": {
        "type": "tarball",
        "url": "https://github.com/NixOS/nixpkgs/archive/a5d394176e64ab29c852d03346c1fc9b0b7d33eb.tar.gz"
      }
    },
    "root": {
      "inputs": {
        "blink-cmp": "blink-cmp",
        "flake-parts": "flake-parts_2",
        "nixpkgs": "nixpkgs"
      }
    },
    "rust-analyzer-src": {
      "flake": false,
      "locked": {
        "lastModified": 1731342671,
        "narHash": "sha256-36eYDHoPzjavnpmEpc2MXdzMk557S0YooGms07mDuKk=",
        "owner": "rust-lang",
        "repo": "rust-analyzer",
        "rev": "fc98e0657abf3ce07eed513e38274c89bbb2f8ad",
        "type": "github"
      },
      "original": {
        "owner": "rust-lang",
        "ref": "nightly",
        "repo": "rust-analyzer",
        "type": "github"
      }
    }
  },
  "root": "root",
  "version": 7
}
