{
  "nodes": {
    "nixpkgs": {
      "locked": {
        "lastModified": 1683082554,
        "narHash": "sha256-emO6mChgdBi4RwchtCCtAkvFf/OSkMyOQMqk6EZEPJA=",
        "owner": "NixOS",
        "repo": "nixpkgs",
        "rev": "0d373d5af960504dd60c3d06c65e553b36ef29d8",
        "type": "github"
      },
      "original": {
        "id": "nixpkgs",
        "ref": "master",
        "type": "indirect"
      }
    },
    "root": {
      "inputs": {
        "nixpkgs": "nixpkgs"
      }
    }
  },
  "root": "root",
  "version": 7
}
